# This file is generated by running "yarn install" inside your project.
# Manual changes might be lost - proceed with caution!

__metadata:
  version: 8
  cacheKey: 10c0

"@catppuccin/tailwindcss@npm:^1.0.0":
  version: 1.0.0
  resolution: "@catppuccin/tailwindcss@npm:1.0.0"
  checksum: 10c0/13dd106828f033f02da1d9037c9c8887810edb858909806c33587f4787d79f4fe68aeb7f8ef7882db33fbba2a20d7777a66b73f6dd420b8691e78e4828335dd1
  languageName: node
  linkType: hard

"root-workspace-0b6124@workspace:.":
  version: 0.0.0-use.local
  resolution: "root-workspace-0b6124@workspace:."
  dependencies:
    "@catppuccin/tailwindcss": "npm:^1.0.0"
    simple-icons: "npm:^15.8.0"
    tailwindcss: "npm:^4.1.11"
  languageName: unknown
  linkType: soft

"simple-icons@npm:^15.8.0":
  version: 15.8.0
  resolution: "simple-icons@npm:15.8.0"
  checksum: 10c0/10b3048e91a695c137f959a6f101132ef9df5b506b58173b3ee66dd03dce1dc043c99ba0967021414d507db7e5df98c298a9503962153d125e815c07075f7645
  languageName: node
  linkType: hard

"tailwindcss@npm:^4.1.11":
  version: 4.1.11
  resolution: "tailwindcss@npm:4.1.11"
  checksum: 10c0/e23eed0a0d6557b3aff8ba320b82758988ca67c351ee9b33dfc646e83a64f6eaeca6183dfc97e931f7b2fab46e925090066edd697d2ede3f396c9fdeb4af24c1
  languageName: node
  linkType: hard
